<?xml version="1.0" encoding="utf-8"?>
<Project ToolsVersion="17.0" xmlns="http://schemas.microsoft.com/developer/msbuild/2003">
  <ItemGroup>
    <ClCompile Include="E:\ev0lve-fixed\CMakeFiles\csgo_internal.dir\cmake_pch.cxx">
      <Filter>Source Files</Filter>
    </ClCompile>
    <ClCompile Include="E:\ev0lve-fixed\src\base\game.cpp">
      <Filter>Source Files</Filter>
    </ClCompile>
    <ClCompile Include="E:\ev0lve-fixed\src\base\draw_manager.cpp">
      <Filter>Source Files</Filter>
    </ClCompile>
    <ClCompile Include="E:\ev0lve-fixed\src\base\hook_manager.cpp">
      <Filter>Source Files</Filter>
    </ClCompile>
    <ClCompile Include="E:\ev0lve-fixed\src\base\cfg.cpp">
      <Filter>Source Files</Filter>
    </ClCompile>
    <ClCompile Include="E:\ev0lve-fixed\src\base\event_log.cpp">
      <Filter>Source Files</Filter>
    </ClCompile>
    <ClCompile Include="E:\ev0lve-fixed\src\base\debug_overlay.cpp">
      <Filter>Source Files</Filter>
    </ClCompile>
    <ClCompile Include="E:\ev0lve-fixed\src\gui\selectable_script.cpp">
      <Filter>Source Files</Filter>
    </ClCompile>
    <ClCompile Include="E:\ev0lve-fixed\src\gui\selectable_config.cpp">
      <Filter>Source Files</Filter>
    </ClCompile>
    <ClCompile Include="E:\ev0lve-fixed\src\gui\public_software_item.cpp">
      <Filter>Source Files</Filter>
    </ClCompile>
    <ClCompile Include="E:\ev0lve-fixed\src\gui\preview_model.cpp">
      <Filter>Source Files</Filter>
    </ClCompile>
    <ClCompile Include="E:\ev0lve-fixed\src\gui\popups\about_popup.cpp">
      <Filter>Source Files</Filter>
    </ClCompile>
    <ClCompile Include="E:\ev0lve-fixed\src\gui\popups\public_software_popup.cpp">
      <Filter>Source Files</Filter>
    </ClCompile>
    <ClCompile Include="E:\ev0lve-fixed\src\gui\widgets\active_hotkeys.cpp">
      <Filter>Source Files</Filter>
    </ClCompile>
    <ClCompile Include="E:\ev0lve-fixed\src\gui\widgets\indicators.cpp">
      <Filter>Source Files</Filter>
    </ClCompile>
    <ClCompile Include="E:\ev0lve-fixed\src\gui\widgets\spectators.cpp">
      <Filter>Source Files</Filter>
    </ClCompile>
    <ClCompile Include="E:\ev0lve-fixed\src\gui\widgets\bomb.cpp">
      <Filter>Source Files</Filter>
    </ClCompile>
    <ClCompile Include="E:\ev0lve-fixed\src\menu\menu.cpp">
      <Filter>Source Files</Filter>
    </ClCompile>
    <ClCompile Include="E:\ev0lve-fixed\src\menu\misc.cpp">
      <Filter>Source Files</Filter>
    </ClCompile>
    <ClCompile Include="E:\ev0lve-fixed\src\menu\rage.cpp">
      <Filter>Source Files</Filter>
    </ClCompile>
    <ClCompile Include="E:\ev0lve-fixed\src\menu\visuals.cpp">
      <Filter>Source Files</Filter>
    </ClCompile>
    <ClCompile Include="E:\ev0lve-fixed\src\menu\scripts.cpp">
      <Filter>Source Files</Filter>
    </ClCompile>
    <ClCompile Include="E:\ev0lve-fixed\src\menu\skinchanger.cpp">
      <Filter>Source Files</Filter>
    </ClCompile>
    <ClCompile Include="E:\ev0lve-fixed\src\menu\debug.cpp">
      <Filter>Source Files</Filter>
    </ClCompile>
    <ClCompile Include="E:\ev0lve-fixed\src\menu\effects\snow_effect.cpp">
      <Filter>Source Files</Filter>
    </ClCompile>
    <ClCompile Include="E:\ev0lve-fixed\src\detail\player_list.cpp">
      <Filter>Source Files</Filter>
    </ClCompile>
    <ClCompile Include="E:\ev0lve-fixed\src\detail\aim_helper.cpp">
      <Filter>Source Files</Filter>
    </ClCompile>
    <ClCompile Include="E:\ev0lve-fixed\src\detail\custom_prediction.cpp">
      <Filter>Source Files</Filter>
    </ClCompile>
    <ClCompile Include="E:\ev0lve-fixed\src\detail\custom_tracing.cpp">
      <Filter>Source Files</Filter>
    </ClCompile>
    <ClCompile Include="E:\ev0lve-fixed\src\detail\dispatch_queue.cpp">
      <Filter>Source Files</Filter>
    </ClCompile>
    <ClCompile Include="E:\ev0lve-fixed\src\detail\events.cpp">
      <Filter>Source Files</Filter>
    </ClCompile>
    <ClCompile Include="E:\ev0lve-fixed\src\detail\shot_tracker.cpp">
      <Filter>Source Files</Filter>
    </ClCompile>
    <ClCompile Include="E:\ev0lve-fixed\src\detail\dx_adapter.cpp">
      <Filter>Source Files</Filter>
    </ClCompile>
    <ClCompile Include="E:\ev0lve-fixed\src\detail\entity_rendering.cpp">
      <Filter>Source Files</Filter>
    </ClCompile>
    <ClCompile Include="E:\ev0lve-fixed\src\hacks\advertisement.cpp">
      <Filter>Source Files</Filter>
    </ClCompile>
    <ClCompile Include="E:\ev0lve-fixed\src\hacks\antiaim.cpp">
      <Filter>Source Files</Filter>
    </ClCompile>
    <ClCompile Include="E:\ev0lve-fixed\src\hacks\chams.cpp">
      <Filter>Source Files</Filter>
    </ClCompile>
    <ClCompile Include="E:\ev0lve-fixed\src\hacks\esp.cpp">
      <Filter>Source Files</Filter>
    </ClCompile>
    <ClCompile Include="E:\ev0lve-fixed\src\hacks\misc.cpp">
      <Filter>Source Files</Filter>
    </ClCompile>
    <ClCompile Include="E:\ev0lve-fixed\src\hacks\movement.cpp">
      <Filter>Source Files</Filter>
    </ClCompile>
    <ClCompile Include="E:\ev0lve-fixed\src\hacks\rage.cpp">
      <Filter>Source Files</Filter>
    </ClCompile>
    <ClCompile Include="E:\ev0lve-fixed\src\hacks\peek_assistant.cpp">
      <Filter>Source Files</Filter>
    </ClCompile>
    <ClCompile Include="E:\ev0lve-fixed\src\hacks\skinchanger.cpp">
      <Filter>Source Files</Filter>
    </ClCompile>
    <ClCompile Include="E:\ev0lve-fixed\src\hacks\tickbase.cpp">
      <Filter>Source Files</Filter>
    </ClCompile>
    <ClCompile Include="E:\ev0lve-fixed\src\hacks\visuals.cpp">
      <Filter>Source Files</Filter>
    </ClCompile>
    <ClCompile Include="E:\ev0lve-fixed\src\hacks\grenade_prediction.cpp">
      <Filter>Source Files</Filter>
    </ClCompile>
    <ClCompile Include="E:\ev0lve-fixed\src\hooks\entity.cpp">
      <Filter>Source Files</Filter>
    </ClCompile>
    <ClCompile Include="E:\ev0lve-fixed\src\hooks\hl_client.cpp">
      <Filter>Source Files</Filter>
    </ClCompile>
    <ClCompile Include="E:\ev0lve-fixed\src\hooks\leaf_system.cpp">
      <Filter>Source Files</Filter>
    </ClCompile>
    <ClCompile Include="E:\ev0lve-fixed\src\hooks\prediction.cpp">
      <Filter>Source Files</Filter>
    </ClCompile>
    <ClCompile Include="E:\ev0lve-fixed\src\hooks\client_mode.cpp">
      <Filter>Source Files</Filter>
    </ClCompile>
    <ClCompile Include="E:\ev0lve-fixed\src\hooks\client_state.cpp">
      <Filter>Source Files</Filter>
    </ClCompile>
    <ClCompile Include="E:\ev0lve-fixed\src\hooks\engine_client.cpp">
      <Filter>Source Files</Filter>
    </ClCompile>
    <ClCompile Include="E:\ev0lve-fixed\src\hooks\game_movement.cpp">
      <Filter>Source Files</Filter>
    </ClCompile>
    <ClCompile Include="E:\ev0lve-fixed\src\hooks\mat_system_surface.cpp">
      <Filter>Source Files</Filter>
    </ClCompile>
    <ClCompile Include="E:\ev0lve-fixed\src\hooks\miscellaneous.cpp">
      <Filter>Source Files</Filter>
    </ClCompile>
    <ClCompile Include="E:\ev0lve-fixed\src\hooks\cs_player.cpp">
      <Filter>Source Files</Filter>
    </ClCompile>
    <ClCompile Include="E:\ev0lve-fixed\src\hooks\cs_grenade_projectile.cpp">
      <Filter>Source Files</Filter>
    </ClCompile>
    <ClCompile Include="E:\ev0lve-fixed\src\hooks\weapon.cpp">
      <Filter>Source Files</Filter>
    </ClCompile>
    <ClCompile Include="E:\ev0lve-fixed\src\hooks\recv_proxies.cpp">
      <Filter>Source Files</Filter>
    </ClCompile>
    <ClCompile Include="E:\ev0lve-fixed\src\hooks\model_render.cpp">
      <Filter>Source Files</Filter>
    </ClCompile>
    <ClCompile Include="E:\ev0lve-fixed\src\hooks\trace_filter_for_player_head_collision.cpp">
      <Filter>Source Files</Filter>
    </ClCompile>
    <ClCompile Include="E:\ev0lve-fixed\src\hooks\steam.cpp">
      <Filter>Source Files</Filter>
    </ClCompile>
    <ClCompile Include="E:\ev0lve-fixed\src\hooks\inputsystem.cpp">
      <Filter>Source Files</Filter>
    </ClCompile>
    <ClCompile Include="E:\ev0lve-fixed\src\util\fnv1a.cpp">
      <Filter>Source Files</Filter>
    </ClCompile>
    <ClCompile Include="E:\ev0lve-fixed\src\util\memory.cpp">
      <Filter>Source Files</Filter>
    </ClCompile>
    <ClCompile Include="E:\ev0lve-fixed\src\main.cpp">
      <Filter>Source Files</Filter>
    </ClCompile>
    <ClCompile Include="E:\ev0lve-fixed\src\lua\state.cpp">
      <Filter>Source Files</Filter>
    </ClCompile>
    <ClCompile Include="E:\ev0lve-fixed\src\lua\runtime_state.cpp">
      <Filter>Source Files</Filter>
    </ClCompile>
    <ClCompile Include="E:\ev0lve-fixed\src\lua\engine.cpp">
      <Filter>Source Files</Filter>
    </ClCompile>
    <ClCompile Include="E:\ev0lve-fixed\src\lua\script.cpp">
      <Filter>Source Files</Filter>
    </ClCompile>
    <ClCompile Include="E:\ev0lve-fixed\src\lua\api\globals.cpp">
      <Filter>Source Files</Filter>
    </ClCompile>
    <ClCompile Include="E:\ev0lve-fixed\src\lua\api\event_log.cpp">
      <Filter>Source Files</Filter>
    </ClCompile>
    <ClCompile Include="E:\ev0lve-fixed\src\lua\api\render.cpp">
      <Filter>Source Files</Filter>
    </ClCompile>
    <ClCompile Include="E:\ev0lve-fixed\src\lua\api\utils.cpp">
      <Filter>Source Files</Filter>
    </ClCompile>
    <ClCompile Include="E:\ev0lve-fixed\src\lua\api\gui.cpp">
      <Filter>Source Files</Filter>
    </ClCompile>
    <ClCompile Include="E:\ev0lve-fixed\src\lua\api\input.cpp">
      <Filter>Source Files</Filter>
    </ClCompile>
    <ClCompile Include="E:\ev0lve-fixed\src\lua\api\engine.cpp">
      <Filter>Source Files</Filter>
    </ClCompile>
    <ClCompile Include="E:\ev0lve-fixed\src\lua\api\cvar.cpp">
      <Filter>Source Files</Filter>
    </ClCompile>
    <ClCompile Include="E:\ev0lve-fixed\src\lua\api\event.cpp">
      <Filter>Source Files</Filter>
    </ClCompile>
    <ClCompile Include="E:\ev0lve-fixed\src\lua\api\user_cmd.cpp">
      <Filter>Source Files</Filter>
    </ClCompile>
    <ClCompile Include="E:\ev0lve-fixed\src\lua\api\entity.cpp">
      <Filter>Source Files</Filter>
    </ClCompile>
    <ClCompile Include="E:\ev0lve-fixed\src\lua\api\math.cpp">
      <Filter>Source Files</Filter>
    </ClCompile>
    <ClCompile Include="E:\ev0lve-fixed\src\lua\api\panorama.cpp">
      <Filter>Source Files</Filter>
    </ClCompile>
    <ClCompile Include="E:\ev0lve-fixed\src\lua\api\fs.cpp">
      <Filter>Source Files</Filter>
    </ClCompile>
    <ClCompile Include="E:\ev0lve-fixed\src\lua\api\net_prop.cpp">
      <Filter>Source Files</Filter>
    </ClCompile>
    <ClCompile Include="E:\ev0lve-fixed\src\lua\helpers.cpp">
      <Filter>Source Files</Filter>
    </ClCompile>
    <ClCompile Include="E:\ev0lve-fixed\src\util\cvar_lexer.cpp">
      <Filter>Source Files</Filter>
    </ClCompile>
    <ClCompile Include="E:\ev0lve-fixed\src\lua\api\timer.cpp">
      <Filter>Source Files</Filter>
    </ClCompile>
    <ClCompile Include="E:\ev0lve-fixed\src\lua\api\database.cpp">
      <Filter>Source Files</Filter>
    </ClCompile>
    <ClCompile Include="E:\ev0lve-fixed\src\lua\api\mat.cpp">
      <Filter>Source Files</Filter>
    </ClCompile>
  </ItemGroup>
  <ItemGroup>
    <ClInclude Include="E:\ev0lve-fixed\CMakeFiles\csgo_internal.dir\Debug\cmake_pch.hxx">
      <Filter>Precompile Header File</Filter>
    </ClInclude>
    <ClInclude Include="E:\ev0lve-fixed\CMakeFiles\csgo_internal.dir\Release\cmake_pch.hxx">
      <Filter>Precompile Header File</Filter>
    </ClInclude>
    <ClInclude Include="E:\ev0lve-fixed\CMakeFiles\csgo_internal.dir\MinSizeRel\cmake_pch.hxx">
      <Filter>Precompile Header File</Filter>
    </ClInclude>
    <ClInclude Include="E:\ev0lve-fixed\CMakeFiles\csgo_internal.dir\RelWithDebInfo\cmake_pch.hxx">
      <Filter>Precompile Header File</Filter>
    </ClInclude>
  </ItemGroup>
  <ItemGroup>
    <CustomBuild Include="E:\ev0lve-fixed\CMakeLists.txt" />
  </ItemGroup>
  <ItemGroup>
    <Filter Include="Precompile Header File">
      <UniqueIdentifier>{9C5559FC-8DC8-3F90-84A7-11ACDCE220D7}</UniqueIdentifier>
    </Filter>
    <Filter Include="Source Files">
      <UniqueIdentifier>{A7C4B1CD-3E30-3421-AC13-FB652F537101}</UniqueIdentifier>
    </Filter>
  </ItemGroup>
</Project>
