<?xml version="1.0" encoding="utf-8"?>
<Project ToolsVersion="17.0" xmlns="http://schemas.microsoft.com/developer/msbuild/2003">
  <ItemGroup>
    <ClCompile Include="E:\ev0lve-fixed\contrib\gui\src\controls\tab.cpp">
      <Filter>Source Files</Filter>
    </ClCompile>
    <ClCompile Include="E:\ev0lve-fixed\contrib\gui\src\controls\list.cpp">
      <Filter>Source Files</Filter>
    </ClCompile>
    <ClCompile Include="E:\ev0lve-fixed\contrib\gui\src\controls\popup.cpp">
      <Filter>Source Files</Filter>
    </ClCompile>
    <ClCompile Include="E:\ev0lve-fixed\contrib\gui\src\controls\label.cpp">
      <Filter>Source Files</Filter>
    </ClCompile>
    <ClCompile Include="E:\ev0lve-fixed\contrib\gui\src\controls\group.cpp">
      <Filter>Source Files</Filter>
    </ClCompile>
    <ClCompile Include="E:\ev0lve-fixed\contrib\gui\src\controls\layout.cpp">
      <Filter>Source Files</Filter>
    </ClCompile>
    <ClCompile Include="E:\ev0lve-fixed\contrib\gui\src\controls\button.cpp">
      <Filter>Source Files</Filter>
    </ClCompile>
    <ClCompile Include="E:\ev0lve-fixed\contrib\gui\src\controls\window.cpp">
      <Filter>Source Files</Filter>
    </ClCompile>
    <ClCompile Include="E:\ev0lve-fixed\contrib\gui\src\controls\slider.cpp">
      <Filter>Source Files</Filter>
    </ClCompile>
    <ClCompile Include="E:\ev0lve-fixed\contrib\gui\src\controls\hotkey.cpp">
      <Filter>Source Files</Filter>
    </ClCompile>
    <ClCompile Include="E:\ev0lve-fixed\contrib\gui\src\controls\spacer.cpp">
      <Filter>Source Files</Filter>
    </ClCompile>
    <ClCompile Include="E:\ev0lve-fixed\contrib\gui\src\controls\widget.cpp">
      <Filter>Source Files</Filter>
    </ClCompile>
    <ClCompile Include="E:\ev0lve-fixed\contrib\gui\src\controls\loading.cpp">
      <Filter>Source Files</Filter>
    </ClCompile>
    <ClCompile Include="E:\ev0lve-fixed\contrib\gui\src\controls\checkbox.cpp">
      <Filter>Source Files</Filter>
    </ClCompile>
    <ClCompile Include="E:\ev0lve-fixed\contrib\gui\src\controls\child_tab.cpp">
      <Filter>Source Files</Filter>
    </ClCompile>
    <ClCompile Include="E:\ev0lve-fixed\contrib\gui\src\controls\combo_box.cpp">
      <Filter>Source Files</Filter>
    </ClCompile>
    <ClCompile Include="E:\ev0lve-fixed\contrib\gui\src\controls\text_input.cpp">
      <Filter>Source Files</Filter>
    </ClCompile>
    <ClCompile Include="E:\ev0lve-fixed\contrib\gui\src\controls\hsv_slider.cpp">
      <Filter>Source Files</Filter>
    </ClCompile>
    <ClCompile Include="E:\ev0lve-fixed\contrib\gui\src\controls\selectable.cpp">
      <Filter>Source Files</Filter>
    </ClCompile>
    <ClCompile Include="E:\ev0lve-fixed\contrib\gui\src\controls\tabs_layout.cpp">
      <Filter>Source Files</Filter>
    </ClCompile>
    <ClCompile Include="E:\ev0lve-fixed\contrib\gui\src\controls\color_picker.cpp">
      <Filter>Source Files</Filter>
    </ClCompile>
    <ClCompile Include="E:\ev0lve-fixed\contrib\gui\src\controls\search_result.cpp">
      <Filter>Source Files</Filter>
    </ClCompile>
    <ClCompile Include="E:\ev0lve-fixed\contrib\gui\src\controls\toggle_button.cpp">
      <Filter>Source Files</Filter>
    </ClCompile>
    <ClCompile Include="E:\ev0lve-fixed\contrib\gui\src\controls\control_container.cpp">
      <Filter>Source Files</Filter>
    </ClCompile>
    <ClCompile Include="E:\ev0lve-fixed\contrib\gui\src\controls\notification_control.cpp">
      <Filter>Source Files</Filter>
    </ClCompile>
    <ClCompile Include="E:\ev0lve-fixed\contrib\gui\src\popups\dialog_box.cpp">
      <Filter>Source Files</Filter>
    </ClCompile>
    <ClCompile Include="E:\ev0lve-fixed\contrib\gui\src\popups\message_box.cpp">
      <Filter>Source Files</Filter>
    </ClCompile>
    <ClCompile Include="E:\ev0lve-fixed\contrib\gui\src\popups\search_popup.cpp">
      <Filter>Source Files</Filter>
    </ClCompile>
    <ClCompile Include="E:\ev0lve-fixed\contrib\gui\src\popups\hotkey_popup.cpp">
      <Filter>Source Files</Filter>
    </ClCompile>
    <ClCompile Include="E:\ev0lve-fixed\contrib\gui\src\popups\combo_box_popup.cpp">
      <Filter>Source Files</Filter>
    </ClCompile>
    <ClCompile Include="E:\ev0lve-fixed\contrib\gui\src\popups\color_picker_popup.cpp">
      <Filter>Source Files</Filter>
    </ClCompile>
    <ClCompile Include="E:\ev0lve-fixed\contrib\gui\src\popups\notifications_popup.cpp">
      <Filter>Source Files</Filter>
    </ClCompile>
    <ClCompile Include="E:\ev0lve-fixed\contrib\gui\src\gui.cpp">
      <Filter>Source Files</Filter>
    </ClCompile>
    <ClCompile Include="E:\ev0lve-fixed\contrib\gui\src\anim.cpp">
      <Filter>Source Files</Filter>
    </ClCompile>
    <ClCompile Include="E:\ev0lve-fixed\contrib\gui\src\input.cpp">
      <Filter>Source Files</Filter>
    </ClCompile>
    <ClCompile Include="E:\ev0lve-fixed\contrib\gui\src\helpers.cpp">
      <Filter>Source Files</Filter>
    </ClCompile>
    <ClCompile Include="E:\ev0lve-fixed\contrib\gui\src\control.cpp">
      <Filter>Source Files</Filter>
    </ClCompile>
    <ClCompile Include="E:\ev0lve-fixed\contrib\gui\src\container.cpp">
      <Filter>Source Files</Filter>
    </ClCompile>
    <ClCompile Include="E:\ev0lve-fixed\contrib\gui\src\notify_system.cpp">
      <Filter>Source Files</Filter>
    </ClCompile>
  </ItemGroup>
  <ItemGroup>
    <CustomBuild Include="E:\ev0lve-fixed\contrib\gui\CMakeLists.txt" />
  </ItemGroup>
  <ItemGroup>
    <Filter Include="Source Files">
      <UniqueIdentifier>{A7C4B1CD-3E30-3421-AC13-FB652F537101}</UniqueIdentifier>
    </Filter>
  </ItemGroup>
</Project>
